
Microsoft Visual Studio Solution File, Format Version 12.00
# Visual Studio 15
Project("{FAE04EC0-301F-11D3-BF4B-00C04F79EFBC}") = "Unity.Hypercasual", "Unity.Hypercasual.csproj", "{B3E1C9D5-39A9-F431-C603-5459DF83D350}"
EndProject
Project("{FAE04EC0-301F-11D3-BF4B-00C04F79EFBC}") = "Unity.Hypercasual.Editor", "Unity.Hypercasual.Editor.csproj", "{37650F10-0B79-DA88-0239-E53DEC1205B2}"
EndProject
Project("{FAE04EC0-301F-11D3-BF4B-00C04F79EFBC}") = "Unity.Hypercasual.Tutorials.Editor", "Unity.Hypercasual.Tutorials.Editor.csproj", "{81FD5A32-B69B-62A9-F626-94C8498F5433}"
EndProject
Project("{FAE04EC0-301F-11D3-BF4B-00C04F79EFBC}") = "Unity.Hypercasual.CustomEditors", "Unity.Hypercasual.CustomEditors.csproj", "{EBB5ABA3-AB59-1C41-9F98-8D8FB20960FC}"
EndProject
Global
	GlobalSection(SolutionConfigurationPlatforms) = preSolution
		Debug|Any CPU = Debug|Any CPU
		Release|Any CPU = Release|Any CPU
	EndGlobalSection
	GlobalSection(ProjectConfigurationPlatforms) = postSolution
		{B3E1C9D5-39A9-F431-C603-5459DF83D350}.Debug|Any CPU.ActiveCfg = Debug|Any CPU
		{B3E1C9D5-39A9-F431-C603-5459DF83D350}.Debug|Any CPU.Build.0 = Debug|Any CPU
		{B3E1C9D5-39A9-F431-C603-5459DF83D350}.Release|Any CPU.ActiveCfg = Release|Any CPU
		{B3E1C9D5-39A9-F431-C603-5459DF83D350}.Release|Any CPU.Build.0 = Release|Any CPU
		{37650F10-0B79-DA88-0239-E53DEC1205B2}.Debug|Any CPU.ActiveCfg = Debug|Any CPU
		{37650F10-0B79-DA88-0239-E53DEC1205B2}.Debug|Any CPU.Build.0 = Debug|Any CPU
		{37650F10-0B79-DA88-0239-E53DEC1205B2}.Release|Any CPU.ActiveCfg = Release|Any CPU
		{37650F10-0B79-DA88-0239-E53DEC1205B2}.Release|Any CPU.Build.0 = Release|Any CPU
		{81FD5A32-B69B-62A9-F626-94C8498F5433}.Debug|Any CPU.ActiveCfg = Debug|Any CPU
		{81FD5A32-B69B-62A9-F626-94C8498F5433}.Debug|Any CPU.Build.0 = Debug|Any CPU
		{81FD5A32-B69B-62A9-F626-94C8498F5433}.Release|Any CPU.ActiveCfg = Release|Any CPU
		{81FD5A32-B69B-62A9-F626-94C8498F5433}.Release|Any CPU.Build.0 = Release|Any CPU
		{EBB5ABA3-AB59-1C41-9F98-8D8FB20960FC}.Debug|Any CPU.ActiveCfg = Debug|Any CPU
		{EBB5ABA3-AB59-1C41-9F98-8D8FB20960FC}.Debug|Any CPU.Build.0 = Debug|Any CPU
		{EBB5ABA3-AB59-1C41-9F98-8D8FB20960FC}.Release|Any CPU.ActiveCfg = Release|Any CPU
		{EBB5ABA3-AB59-1C41-9F98-8D8FB20960FC}.Release|Any CPU.Build.0 = Release|Any CPU
	EndGlobalSection
	GlobalSection(SolutionProperties) = preSolution
		HideSolutionNode = FALSE
	EndGlobalSection
EndGlobal
